
Microsoft Visual Studio Solution File, Format Version 12.00
# Visual Studio Version 17
VisualStudioVersion = 17.8.34511.84
MinimumVisualStudioVersion = 10.0.40219.1
Project("{FAE04EC0-301F-11D3-BF4B-00C04F79EFBC}") = "ScreenSound-04", "ScreenSound-04\ScreenSound-04.csproj", "{83CA5BB1-4A73-4092-87FB-E8433FD80A08}"
EndProject
Global
	GlobalSection(SolutionConfigurationPlatforms) = preSolution
		Debug|Any CPU = Debug|Any CPU
		Release|Any CPU = Release|Any CPU
	EndGlobalSection
	GlobalSection(ProjectConfigurationPlatforms) = postSolution
		{83CA5BB1-4A73-4092-87FB-E8433FD80A08}.Debug|Any CPU.ActiveCfg = Debug|Any CPU
		{83CA5BB1-4A73-4092-87FB-E8433FD80A08}.Debug|Any CPU.Build.0 = Debug|Any CPU
		{83CA5BB1-4A73-4092-87FB-E8433FD80A08}.Release|Any CPU.ActiveCfg = Release|Any CPU
		{83CA5BB1-4A73-4092-87FB-E8433FD80A08}.Release|Any CPU.Build.0 = Release|Any CPU
	EndGlobalSection
	GlobalSection(SolutionProperties) = preSolution
		HideSolutionNode = FALSE
	EndGlobalSection
	GlobalSection(ExtensibilityGlobals) = postSolution
		SolutionGuid = {3D1E6C54-0B1B-4586-A22D-A51D03854A69}
	EndGlobalSection
EndGlobal
